PODS:
  - AFNetworking (3.1.0):
    - AFNetworking/NSURLSession (= 3.1.0)
    - AFNetworking/Reachability (= 3.1.0)
    - AFNetworking/Security (= 3.1.0)
    - AFNetworking/Serialization (= 3.1.0)
    - AFNetworking/UIKit (= 3.1.0)
  - AFNetworking/NSURLSession (3.1.0):
    - AFNetworking/Reachability
    - AFNetworking/Security
    - AFNetworking/Serialization
  - AFNetworking/Reachability (3.1.0)
  - AFNetworking/Security (3.1.0)
  - AFNetworking/Serialization (3.1.0)
  - AFNetworking/UIKit (3.1.0):
    - AFNetworking/NSURLSession
  - Masonry (1.0.2)
  - MJRefresh (2.3.2)
  - UMengAnalytics (3.6.6)

DEPENDENCIES:
  - AFNetworking (~> 3.1.0)
  - Masonry
  - MJRefresh (~> 2.3.2)
  - UMengAnalytics (~> 3.6.4)

SPEC CHECKSUMS:
  AFNetworking: 5e0e199f73d8626b11e79750991f5d173d1f8b67
  Masonry: 7c429b56da9d4ee0bbb3ed77a5ea710d6a5df39e
  MJRefresh: 0f6f5e8387970607c26080b44058b229a23065d7
  UMengAnalytics: 4bf831415146b9c57cb10be65fbd43462ef8cf65

PODFILE CHECKSUM: 52c2a8aa314a81f95f9e0bac1a2972f64487fdd7

COCOAPODS: 1.2.0
